
Microsoft Visual Studio Solution File, Format Version 12.00
# Visual Studio Version 17
VisualStudioVersion = 17.6.33815.320
MinimumVisualStudioVersion = 10.0.40219.1
Project("{FAE04EC0-301F-11D3-BF4B-00C04F79EFBC}") = "LoneCalc (short for calculator)", "LoneCalc (short for calculator)\LoneCalc (short for calculator).csproj", "{903718F8-3A2C-486E-A83A-0712451D2DF8}"
EndProject
Global
	GlobalSection(SolutionConfigurationPlatforms) = preSolution
		Debug|Any CPU = Debug|Any CPU
		Release|Any CPU = Release|Any CPU
	EndGlobalSection
	GlobalSection(ProjectConfigurationPlatforms) = postSolution
		{903718F8-3A2C-486E-A83A-0712451D2DF8}.Debug|Any CPU.ActiveCfg = Debug|Any CPU
		{903718F8-3A2C-486E-A83A-0712451D2DF8}.Debug|Any CPU.Build.0 = Debug|Any CPU
		{903718F8-3A2C-486E-A83A-0712451D2DF8}.Release|Any CPU.ActiveCfg = Release|Any CPU
		{903718F8-3A2C-486E-A83A-0712451D2DF8}.Release|Any CPU.Build.0 = Release|Any CPU
	EndGlobalSection
	GlobalSection(SolutionProperties) = preSolution
		HideSolutionNode = FALSE
	EndGlobalSection
	GlobalSection(ExtensibilityGlobals) = postSolution
		SolutionGuid = {AA47D708-67B8-4CB7-B1D1-B1EDFC6914CE}
	EndGlobalSection
EndGlobal
